[[package]]
name = "attrs"
version = "21.2.0"
description = "Classes Without Boilerplate"
category = "main"
optional = false
python-versions = ">=2.7, !=3.0.*, !=3.1.*, !=3.2.*, !=3.3.*, !=3.4.*"

[package.extras]
dev = ["coverage[toml] (>=5.0.2)", "hypothesis", "pympler", "pytest (>=4.3.0)", "six", "mypy", "pytest-mypy-plugins", "zope.interface", "furo", "sphinx", "sphinx-notfound-page", "pre-commit"]
docs = ["furo", "sphinx", "zope.interface", "sphinx-notfound-page"]
tests = ["coverage[toml] (>=5.0.2)", "hypothesis", "pympler", "pytest (>=4.3.0)", "six", "mypy", "pytest-mypy-plugins", "zope.interface"]
tests_no_zope = ["coverage[toml] (>=5.0.2)", "hypothesis", "pympler", "pytest (>=4.3.0)", "six", "mypy", "pytest-mypy-plugins"]

[[package]]
name = "aws-cdk.assets"
version = "1.119.0"
description = "This module is deprecated. All types are now available under the core module"
category = "main"
optional = false
python-versions = ">=3.6"

[package.dependencies]
"aws-cdk.core" = "1.119.0"
"aws-cdk.cx-api" = "1.119.0"
constructs = ">=3.3.69,<4.0.0"
jsii = ">=1.31.0,<2.0.0"
publication = ">=0.0.3"

[[package]]
name = "aws-cdk.aws-apigateway"
version = "1.119.0"
description = "The CDK Construct Library for AWS::ApiGateway"
category = "main"
optional = false
python-versions = ">=3.6"

[package.dependencies]
"aws-cdk.aws-certificatemanager" = "1.119.0"
"aws-cdk.aws-cloudwatch" = "1.119.0"
"aws-cdk.aws-cognito" = "1.119.0"
"aws-cdk.aws-ec2" = "1.119.0"
"aws-cdk.aws-elasticloadbalancingv2" = "1.119.0"
"aws-cdk.aws-iam" = "1.119.0"
"aws-cdk.aws-lambda" = "1.119.0"
"aws-cdk.aws-logs" = "1.119.0"
"aws-cdk.aws-s3" = "1.119.0"
"aws-cdk.aws-s3-assets" = "1.119.0"
"aws-cdk.core" = "1.119.0"
"aws-cdk.cx-api" = "1.119.0"
constructs = ">=3.3.69,<4.0.0"
jsii = ">=1.31.0,<2.0.0"
publication = ">=0.0.3"

[[package]]
name = "aws-cdk.aws-applicationautoscaling"
version = "1.119.0"
description = "The CDK Construct Library for AWS::ApplicationAutoScaling"
category = "main"
optional = false
python-versions = ">=3.6"

[package.dependencies]
"aws-cdk.aws-autoscaling-common" = "1.119.0"
"aws-cdk.aws-cloudwatch" = "1.119.0"
"aws-cdk.aws-iam" = "1.119.0"
"aws-cdk.core" = "1.119.0"
constructs = ">=3.3.69,<4.0.0"
jsii = ">=1.31.0,<2.0.0"
publication = ">=0.0.3"

[[package]]
name = "aws-cdk.aws-autoscaling-common"
version = "1.119.0"
description = "Common implementation package for @aws-cdk/aws-autoscaling and @aws-cdk/aws-applicationautoscaling"
category = "main"
optional = false
python-versions = ">=3.6"

[package.dependencies]
"aws-cdk.aws-iam" = "1.119.0"
"aws-cdk.core" = "1.119.0"
constructs = ">=3.3.69,<4.0.0"
jsii = ">=1.31.0,<2.0.0"
publication = ">=0.0.3"

[[package]]
name = "aws-cdk.aws-certificatemanager"
version = "1.119.0"
description = "The CDK Construct Library for AWS::CertificateManager"
category = "main"
optional = false
python-versions = ">=3.6"

[package.dependencies]
"aws-cdk.aws-cloudwatch" = "1.119.0"
"aws-cdk.aws-iam" = "1.119.0"
"aws-cdk.aws-lambda" = "1.119.0"
"aws-cdk.aws-route53" = "1.119.0"
"aws-cdk.core" = "1.119.0"
constructs = ">=3.3.69,<4.0.0"
jsii = ">=1.31.0,<2.0.0"
publication = ">=0.0.3"

[[package]]
name = "aws-cdk.aws-cloudformation"
version = "1.119.0"
description = "The CDK Construct Library for AWS::CloudFormation"
category = "main"
optional = false
python-versions = ">=3.6"

[package.dependencies]
"aws-cdk.aws-iam" = "1.119.0"
"aws-cdk.aws-lambda" = "1.119.0"
"aws-cdk.aws-s3" = "1.119.0"
"aws-cdk.aws-sns" = "1.119.0"
"aws-cdk.core" = "1.119.0"
"aws-cdk.cx-api" = "1.119.0"
constructs = ">=3.3.69,<4.0.0"
jsii = ">=1.31.0,<2.0.0"
publication = ">=0.0.3"

[[package]]
name = "aws-cdk.aws-cloudwatch"
version = "1.119.0"
description = "The CDK Construct Library for AWS::CloudWatch"
category = "main"
optional = false
python-versions = ">=3.6"

[package.dependencies]
"aws-cdk.aws-iam" = "1.119.0"
"aws-cdk.core" = "1.119.0"
constructs = ">=3.3.69,<4.0.0"
jsii = ">=1.31.0,<2.0.0"
publication = ">=0.0.3"

[[package]]
name = "aws-cdk.aws-codeguruprofiler"
version = "1.119.0"
description = "The CDK Construct Library for AWS::CodeGuruProfiler"
category = "main"
optional = false
python-versions = ">=3.6"

[package.dependencies]
"aws-cdk.aws-iam" = "1.119.0"
"aws-cdk.core" = "1.119.0"
constructs = ">=3.3.69,<4.0.0"
jsii = ">=1.31.0,<2.0.0"
publication = ">=0.0.3"

[[package]]
name = "aws-cdk.aws-codestarnotifications"
version = "1.119.0"
description = "The CDK Construct Library for AWS::CodeStarNotifications"
category = "main"
optional = false
python-versions = ">=3.6"

[package.dependencies]
"aws-cdk.core" = "1.119.0"
constructs = ">=3.3.69,<4.0.0"
jsii = ">=1.31.0,<2.0.0"
publication = ">=0.0.3"

[[package]]
name = "aws-cdk.aws-cognito"
version = "1.119.0"
description = "The CDK Construct Library for AWS::Cognito"
category = "main"
optional = false
python-versions = ">=3.6"

[package.dependencies]
"aws-cdk.aws-certificatemanager" = "1.119.0"
"aws-cdk.aws-iam" = "1.119.0"
"aws-cdk.aws-lambda" = "1.119.0"
"aws-cdk.core" = "1.119.0"
"aws-cdk.custom-resources" = "1.119.0"
constructs = ">=3.3.69,<4.0.0"
jsii = ">=1.31.0,<2.0.0"
publication = ">=0.0.3"

[[package]]
name = "aws-cdk.aws-dynamodb"
version = "1.119.0"
description = "The CDK Construct Library for AWS::DynamoDB"
category = "main"
optional = false
python-versions = ">=3.6"

[package.dependencies]
"aws-cdk.aws-applicationautoscaling" = "1.119.0"
"aws-cdk.aws-cloudwatch" = "1.119.0"
"aws-cdk.aws-iam" = "1.119.0"
"aws-cdk.aws-kinesis" = "1.119.0"
"aws-cdk.aws-kms" = "1.119.0"
"aws-cdk.aws-lambda" = "1.119.0"
"aws-cdk.core" = "1.119.0"
"aws-cdk.custom-resources" = "1.119.0"
constructs = ">=3.3.69,<4.0.0"
jsii = ">=1.31.0,<2.0.0"
publication = ">=0.0.3"

[[package]]
name = "aws-cdk.aws-ec2"
version = "1.119.0"
description = "The CDK Construct Library for AWS::EC2"
category = "main"
optional = false
python-versions = ">=3.6"

[package.dependencies]
"aws-cdk.aws-cloudwatch" = "1.119.0"
"aws-cdk.aws-iam" = "1.119.0"
"aws-cdk.aws-kms" = "1.119.0"
"aws-cdk.aws-logs" = "1.119.0"
"aws-cdk.aws-s3" = "1.119.0"
"aws-cdk.aws-s3-assets" = "1.119.0"
"aws-cdk.aws-ssm" = "1.119.0"
"aws-cdk.cloud-assembly-schema" = "1.119.0"
"aws-cdk.core" = "1.119.0"
"aws-cdk.cx-api" = "1.119.0"
"aws-cdk.region-info" = "1.119.0"
constructs = ">=3.3.69,<4.0.0"
jsii = ">=1.31.0,<2.0.0"
publication = ">=0.0.3"

[[package]]
name = "aws-cdk.aws-ecr"
version = "1.119.0"
description = "The CDK Construct Library for AWS::ECR"
category = "main"
optional = false
python-versions = ">=3.6"

[package.dependencies]
"aws-cdk.aws-events" = "1.119.0"
"aws-cdk.aws-iam" = "1.119.0"
"aws-cdk.core" = "1.119.0"
constructs = ">=3.3.69,<4.0.0"
jsii = ">=1.31.0,<2.0.0"
publication = ">=0.0.3"

[[package]]
name = "aws-cdk.aws-ecr-assets"
version = "1.119.0"
description = "Docker image assets deployed to ECR"
category = "main"
optional = false
python-versions = ">=3.6"

[package.dependencies]
"aws-cdk.assets" = "1.119.0"
"aws-cdk.aws-ecr" = "1.119.0"
"aws-cdk.aws-iam" = "1.119.0"
"aws-cdk.aws-s3" = "1.119.0"
"aws-cdk.core" = "1.119.0"
"aws-cdk.cx-api" = "1.119.0"
constructs = ">=3.3.69,<4.0.0"
jsii = ">=1.31.0,<2.0.0"
publication = ">=0.0.3"

[[package]]
name = "aws-cdk.aws-efs"
version = "1.119.0"
description = "The CDK Construct Library for AWS::EFS"
category = "main"
optional = false
python-versions = ">=3.6"

[package.dependencies]
"aws-cdk.aws-ec2" = "1.119.0"
"aws-cdk.aws-iam" = "1.119.0"
"aws-cdk.aws-kms" = "1.119.0"
"aws-cdk.cloud-assembly-schema" = "1.119.0"
"aws-cdk.core" = "1.119.0"
"aws-cdk.cx-api" = "1.119.0"
constructs = ">=3.3.69,<4.0.0"
jsii = ">=1.31.0,<2.0.0"
publication = ">=0.0.3"

[[package]]
name = "aws-cdk.aws-elasticloadbalancingv2"
version = "1.119.0"
description = "The CDK Construct Library for AWS::ElasticLoadBalancingV2"
category = "main"
optional = false
python-versions = ">=3.6"

[package.dependencies]
"aws-cdk.aws-certificatemanager" = "1.119.0"
"aws-cdk.aws-cloudwatch" = "1.119.0"
"aws-cdk.aws-ec2" = "1.119.0"
"aws-cdk.aws-iam" = "1.119.0"
"aws-cdk.aws-lambda" = "1.119.0"
"aws-cdk.aws-s3" = "1.119.0"
"aws-cdk.cloud-assembly-schema" = "1.119.0"
"aws-cdk.core" = "1.119.0"
"aws-cdk.cx-api" = "1.119.0"
"aws-cdk.region-info" = "1.119.0"
constructs = ">=3.3.69,<4.0.0"
jsii = ">=1.31.0,<2.0.0"
publication = ">=0.0.3"

[[package]]
name = "aws-cdk.aws-events"
version = "1.119.0"
description = "Amazon EventBridge Construct Library"
category = "main"
optional = false
python-versions = ">=3.6"

[package.dependencies]
"aws-cdk.aws-iam" = "1.119.0"
"aws-cdk.core" = "1.119.0"
constructs = ">=3.3.69,<4.0.0"
jsii = ">=1.31.0,<2.0.0"
publication = ">=0.0.3"

[[package]]
name = "aws-cdk.aws-iam"
version = "1.119.0"
description = "CDK routines for easily assigning correct and minimal IAM permissions"
category = "main"
optional = false
python-versions = ">=3.6"

[package.dependencies]
"aws-cdk.core" = "1.119.0"
"aws-cdk.region-info" = "1.119.0"
constructs = ">=3.3.69,<4.0.0"
jsii = ">=1.31.0,<2.0.0"
publication = ">=0.0.3"

[[package]]
name = "aws-cdk.aws-kinesis"
version = "1.119.0"
description = "The CDK Construct Library for AWS::Kinesis"
category = "main"
optional = false
python-versions = ">=3.6"

[package.dependencies]
"aws-cdk.aws-cloudwatch" = "1.119.0"
"aws-cdk.aws-iam" = "1.119.0"
"aws-cdk.aws-kms" = "1.119.0"
"aws-cdk.aws-logs" = "1.119.0"
"aws-cdk.core" = "1.119.0"
constructs = ">=3.3.69,<4.0.0"
jsii = ">=1.31.0,<2.0.0"
publication = ">=0.0.3"

[[package]]
name = "aws-cdk.aws-kms"
version = "1.119.0"
description = "The CDK Construct Library for AWS::KMS"
category = "main"
optional = false
python-versions = ">=3.6"

[package.dependencies]
"aws-cdk.aws-iam" = "1.119.0"
"aws-cdk.core" = "1.119.0"
"aws-cdk.cx-api" = "1.119.0"
constructs = ">=3.3.69,<4.0.0"
jsii = ">=1.31.0,<2.0.0"
publication = ">=0.0.3"

[[package]]
name = "aws-cdk.aws-lambda"
version = "1.119.0"
description = "The CDK Construct Library for AWS::Lambda"
category = "main"
optional = false
python-versions = ">=3.6"

[package.dependencies]
"aws-cdk.aws-applicationautoscaling" = "1.119.0"
"aws-cdk.aws-cloudwatch" = "1.119.0"
"aws-cdk.aws-codeguruprofiler" = "1.119.0"
"aws-cdk.aws-ec2" = "1.119.0"
"aws-cdk.aws-ecr" = "1.119.0"
"aws-cdk.aws-ecr-assets" = "1.119.0"
"aws-cdk.aws-efs" = "1.119.0"
"aws-cdk.aws-events" = "1.119.0"
"aws-cdk.aws-iam" = "1.119.0"
"aws-cdk.aws-kms" = "1.119.0"
"aws-cdk.aws-logs" = "1.119.0"
"aws-cdk.aws-s3" = "1.119.0"
"aws-cdk.aws-s3-assets" = "1.119.0"
"aws-cdk.aws-signer" = "1.119.0"
"aws-cdk.aws-sqs" = "1.119.0"
"aws-cdk.core" = "1.119.0"
"aws-cdk.cx-api" = "1.119.0"
"aws-cdk.region-info" = "1.119.0"
constructs = ">=3.3.69,<4.0.0"
jsii = ">=1.31.0,<2.0.0"
publication = ">=0.0.3"

[[package]]
name = "aws-cdk.aws-logs"
version = "1.119.0"
description = "The CDK Construct Library for AWS::Logs"
category = "main"
optional = false
python-versions = ">=3.6"

[package.dependencies]
"aws-cdk.aws-cloudwatch" = "1.119.0"
"aws-cdk.aws-iam" = "1.119.0"
"aws-cdk.aws-kms" = "1.119.0"
"aws-cdk.aws-s3-assets" = "1.119.0"
"aws-cdk.core" = "1.119.0"
constructs = ">=3.3.69,<4.0.0"
jsii = ">=1.31.0,<2.0.0"
publication = ">=0.0.3"

[[package]]
name = "aws-cdk.aws-route53"
version = "1.119.0"
description = "The CDK Construct Library for AWS::Route53"
category = "main"
optional = false
python-versions = ">=3.6"

[package.dependencies]
"aws-cdk.aws-ec2" = "1.119.0"
"aws-cdk.aws-iam" = "1.119.0"
"aws-cdk.aws-logs" = "1.119.0"
"aws-cdk.cloud-assembly-schema" = "1.119.0"
"aws-cdk.core" = "1.119.0"
"aws-cdk.custom-resources" = "1.119.0"
constructs = ">=3.3.69,<4.0.0"
jsii = ">=1.31.0,<2.0.0"
publication = ">=0.0.3"

[[package]]
name = "aws-cdk.aws-s3"
version = "1.119.0"
description = "The CDK Construct Library for AWS::S3"
category = "main"
optional = false
python-versions = ">=3.6"

[package.dependencies]
"aws-cdk.aws-events" = "1.119.0"
"aws-cdk.aws-iam" = "1.119.0"
"aws-cdk.aws-kms" = "1.119.0"
"aws-cdk.core" = "1.119.0"
"aws-cdk.cx-api" = "1.119.0"
constructs = ">=3.3.69,<4.0.0"
jsii = ">=1.31.0,<2.0.0"
publication = ">=0.0.3"

[[package]]
name = "aws-cdk.aws-s3-assets"
version = "1.119.0"
description = "Deploy local files and directories to S3"
category = "main"
optional = false
python-versions = ">=3.6"

[package.dependencies]
"aws-cdk.assets" = "1.119.0"
"aws-cdk.aws-iam" = "1.119.0"
"aws-cdk.aws-kms" = "1.119.0"
"aws-cdk.aws-s3" = "1.119.0"
"aws-cdk.core" = "1.119.0"
"aws-cdk.cx-api" = "1.119.0"
constructs = ">=3.3.69,<4.0.0"
jsii = ">=1.31.0,<2.0.0"
publication = ">=0.0.3"

[[package]]
name = "aws-cdk.aws-signer"
version = "1.119.0"
description = "The CDK Construct Library for AWS::Signer"
category = "main"
optional = false
python-versions = ">=3.6"

[package.dependencies]
"aws-cdk.core" = "1.119.0"
constructs = ">=3.3.69,<4.0.0"
jsii = ">=1.31.0,<2.0.0"
publication = ">=0.0.3"

[[package]]
name = "aws-cdk.aws-sns"
version = "1.119.0"
description = "The CDK Construct Library for AWS::SNS"
category = "main"
optional = false
python-versions = ">=3.6"

[package.dependencies]
"aws-cdk.aws-cloudwatch" = "1.119.0"
"aws-cdk.aws-codestarnotifications" = "1.119.0"
"aws-cdk.aws-events" = "1.119.0"
"aws-cdk.aws-iam" = "1.119.0"
"aws-cdk.aws-kms" = "1.119.0"
"aws-cdk.aws-sqs" = "1.119.0"
"aws-cdk.core" = "1.119.0"
constructs = ">=3.3.69,<4.0.0"
jsii = ">=1.31.0,<2.0.0"
publication = ">=0.0.3"

[[package]]
name = "aws-cdk.aws-sqs"
version = "1.119.0"
description = "The CDK Construct Library for AWS::SQS"
category = "main"
optional = false
python-versions = ">=3.6"

[package.dependencies]
"aws-cdk.aws-cloudwatch" = "1.119.0"
"aws-cdk.aws-iam" = "1.119.0"
"aws-cdk.aws-kms" = "1.119.0"
"aws-cdk.core" = "1.119.0"
constructs = ">=3.3.69,<4.0.0"
jsii = ">=1.31.0,<2.0.0"
publication = ">=0.0.3"

[[package]]
name = "aws-cdk.aws-ssm"
version = "1.119.0"
description = "The CDK Construct Library for AWS::SSM"
category = "main"
optional = false
python-versions = ">=3.6"

[package.dependencies]
"aws-cdk.aws-iam" = "1.119.0"
"aws-cdk.aws-kms" = "1.119.0"
"aws-cdk.cloud-assembly-schema" = "1.119.0"
"aws-cdk.core" = "1.119.0"
constructs = ">=3.3.69,<4.0.0"
jsii = ">=1.31.0,<2.0.0"
publication = ">=0.0.3"

[[package]]
name = "aws-cdk.cloud-assembly-schema"
version = "1.119.0"
description = "Cloud Assembly Schema"
category = "main"
optional = false
python-versions = ">=3.6"

[package.dependencies]
jsii = ">=1.31.0,<2.0.0"
publication = ">=0.0.3"

[[package]]
name = "aws-cdk.core"
version = "1.119.0"
description = "AWS Cloud Development Kit Core Library"
category = "main"
optional = false
python-versions = ">=3.6"

[package.dependencies]
"aws-cdk.cloud-assembly-schema" = "1.119.0"
"aws-cdk.cx-api" = "1.119.0"
"aws-cdk.region-info" = "1.119.0"
constructs = ">=3.3.69,<4.0.0"
jsii = ">=1.31.0,<2.0.0"
publication = ">=0.0.3"

[[package]]
name = "aws-cdk.custom-resources"
version = "1.119.0"
description = "Constructs for implementing CDK custom resources"
category = "main"
optional = false
python-versions = ">=3.6"

[package.dependencies]
"aws-cdk.aws-cloudformation" = "1.119.0"
"aws-cdk.aws-ec2" = "1.119.0"
"aws-cdk.aws-iam" = "1.119.0"
"aws-cdk.aws-lambda" = "1.119.0"
"aws-cdk.aws-logs" = "1.119.0"
"aws-cdk.aws-sns" = "1.119.0"
"aws-cdk.core" = "1.119.0"
constructs = ">=3.3.69,<4.0.0"
jsii = ">=1.31.0,<2.0.0"
publication = ">=0.0.3"

[[package]]
name = "aws-cdk.cx-api"
version = "1.119.0"
description = "Cloud executable protocol"
category = "main"
optional = false
python-versions = ">=3.6"

[package.dependencies]
"aws-cdk.cloud-assembly-schema" = "1.119.0"
jsii = ">=1.31.0,<2.0.0"
publication = ">=0.0.3"

[[package]]
name = "aws-cdk.region-info"
version = "1.119.0"
description = "AWS region information, such as service principal names"
category = "main"
optional = false
python-versions = ">=3.6"

[package.dependencies]
jsii = ">=1.31.0,<2.0.0"
publication = ">=0.0.3"

[[package]]
name = "boto3"
version = "1.18.26"
description = "The AWS SDK for Python"
category = "main"
optional = false
python-versions = ">= 3.6"

[package.dependencies]
botocore = ">=1.21.26,<1.22.0"
jmespath = ">=0.7.1,<1.0.0"
s3transfer = ">=0.5.0,<0.6.0"

[package.extras]
crt = ["botocore[crt] (>=1.21.0,<2.0a0)"]

[[package]]
name = "botocore"
version = "1.21.26"
description = "Low-level, data-driven core of boto 3."
category = "main"
optional = false
python-versions = ">= 3.6"

[package.dependencies]
jmespath = ">=0.7.1,<1.0.0"
python-dateutil = ">=2.1,<3.0.0"
urllib3 = ">=1.25.4,<1.27"

[package.extras]
crt = ["awscrt (==0.11.24)"]

[[package]]
name = "cattrs"
version = "1.7.1"
description = "Composable complex class support for attrs and dataclasses."
category = "main"
optional = false
python-versions = ">=3.7,<4.0"

[package.dependencies]
attrs = ">=20.1.0"

[[package]]
name = "constructs"
version = "3.3.129"
description = "A programming model for composable configuration"
category = "main"
optional = false
python-versions = ">=3.6"

[package.dependencies]
jsii = ">=1.33.0,<2.0.0"
publication = ">=0.0.3"

[[package]]
name = "jmespath"
version = "0.10.0"
description = "JSON Matching Expressions"
category = "main"
optional = false
python-versions = ">=2.6, !=3.0.*, !=3.1.*, !=3.2.*"

[[package]]
name = "jsii"
version = "1.33.0"
description = "Python client for jsii runtime"
category = "main"
optional = false
python-versions = "~=3.6"

[package.dependencies]
attrs = ">=21.2,<22.0"
cattrs = {version = ">=1.7.1,<1.8.0", markers = "python_version >= \"3.7\""}
python-dateutil = "*"
typing-extensions = ">=3.7,<4.0"

[[package]]
name = "publication"
version = "0.0.3"
description = "Publication helps you maintain public-api-friendly modules by preventing unintentional access to private implementation details via introspection."
category = "main"
optional = false
python-versions = "*"

[[package]]
name = "python-dateutil"
version = "2.8.2"
description = "Extensions to the standard Python datetime module"
category = "main"
optional = false
python-versions = "!=3.0.*,!=3.1.*,!=3.2.*,>=2.7"

[package.dependencies]
six = ">=1.5"

[[package]]
name = "s3transfer"
version = "0.5.0"
description = "An Amazon S3 Transfer Manager"
category = "main"
optional = false
python-versions = ">= 3.6"

[package.dependencies]
botocore = ">=1.12.36,<2.0a.0"

[package.extras]
crt = ["botocore[crt] (>=1.20.29,<2.0a.0)"]

[[package]]
name = "six"
version = "1.16.0"
description = "Python 2 and 3 compatibility utilities"
category = "main"
optional = false
python-versions = ">=2.7, !=3.0.*, !=3.1.*, !=3.2.*"

[[package]]
name = "typing-extensions"
version = "3.10.0.0"
description = "Backported and Experimental Type Hints for Python 3.5+"
category = "main"
optional = false
python-versions = "*"

[[package]]
name = "urllib3"
version = "1.26.6"
description = "HTTP library with thread-safe connection pooling, file post, and more."
category = "main"
optional = false
python-versions = ">=2.7, !=3.0.*, !=3.1.*, !=3.2.*, !=3.3.*, !=3.4.*, <4"

[package.extras]
brotli = ["brotlipy (>=0.6.0)"]
secure = ["pyOpenSSL (>=0.14)", "cryptography (>=1.3.4)", "idna (>=2.0.0)", "certifi", "ipaddress"]
socks = ["PySocks (>=1.5.6,!=1.5.7,<2.0)"]

[metadata]
lock-version = "1.1"
python-versions = "^3.8"
content-hash = "c883f40c618efd6e0e7487f74dd1ee1f65dc8616c45209cbc1a79ef3dcffea2a"

[metadata.files]
attrs = [
    {file = "attrs-21.2.0-py2.py3-none-any.whl", hash = "sha256:149e90d6d8ac20db7a955ad60cf0e6881a3f20d37096140088356da6c716b0b1"},
    {file = "attrs-21.2.0.tar.gz", hash = "sha256:ef6aaac3ca6cd92904cdd0d83f629a15f18053ec84e6432106f7a4d04ae4f5fb"},
]
"aws-cdk.assets" = [
    {file = "aws-cdk.assets-1.119.0.tar.gz", hash = "sha256:41013c364f5dfbf77290d20ede73520b599659004d2e23f4d3a0183c62193252"},
    {file = "aws_cdk.assets-1.119.0-py3-none-any.whl", hash = "sha256:3f7544016b3ee7a5819903b3617202480a8871ce4f3af68af7fb045994831e7f"},
]
"aws-cdk.aws-apigateway" = [
    {file = "aws-cdk.aws-apigateway-1.119.0.tar.gz", hash = "sha256:4eeb49834b0f9e5b29082cb3a40058c5de9e66179e1caff6b761cbb5b0e781e3"},
    {file = "aws_cdk.aws_apigateway-1.119.0-py3-none-any.whl", hash = "sha256:3f80b069c3f285cd8fa3395ddc549e6d9136c116565c213787439c1b6d8daa3a"},
]
"aws-cdk.aws-applicationautoscaling" = [
    {file = "aws-cdk.aws-applicationautoscaling-1.119.0.tar.gz", hash = "sha256:7b72ccd367500270a5f2f84a118cedfcd6e11f8c3038776e6c67cba31e8e4b7e"},
    {file = "aws_cdk.aws_applicationautoscaling-1.119.0-py3-none-any.whl", hash = "sha256:20767d28a58894be2b00bf0f093443ce69ee9498a364eeb898c22a2e44831778"},
]
"aws-cdk.aws-autoscaling-common" = [
    {file = "aws-cdk.aws-autoscaling-common-1.119.0.tar.gz", hash = "sha256:b9d1732bdf52e86476acee6881e1b5adb90da8fef5521a155d6a7f6f548ea42f"},
    {file = "aws_cdk.aws_autoscaling_common-1.119.0-py3-none-any.whl", hash = "sha256:560d4c6a4404481897f5f738961b809ffb392162deea71dc3c1770291fb1e2e1"},
]
"aws-cdk.aws-certificatemanager" = [
    {file = "aws-cdk.aws-certificatemanager-1.119.0.tar.gz", hash = "sha256:bc37aff164d92e832f7ef9849f5e8f80ca387128c836f1693688f9234ba3af8f"},
    {file = "aws_cdk.aws_certificatemanager-1.119.0-py3-none-any.whl", hash = "sha256:14a646f8b571048cc796729b0ca12a03246a4b6d4f58bce6e1eccabdbb8f01eb"},
]
"aws-cdk.aws-cloudformation" = [
    {file = "aws-cdk.aws-cloudformation-1.119.0.tar.gz", hash = "sha256:e3e487e261a7f3dccaee7a9190b8f489b20b86e9158b27090c0968322c426906"},
    {file = "aws_cdk.aws_cloudformation-1.119.0-py3-none-any.whl", hash = "sha256:b142c451d5f57bc91b3d7d6c209497d84478072d42079b83c8259814f678a84b"},
]
"aws-cdk.aws-cloudwatch" = [
    {file = "aws-cdk.aws-cloudwatch-1.119.0.tar.gz", hash = "sha256:08c4bb9a812f475550fc4f480d37176ac344ead895c4bd8226bda93e87bcb074"},
    {file = "aws_cdk.aws_cloudwatch-1.119.0-py3-none-any.whl", hash = "sha256:971e5974263a2ff61079ddd6e82cdeba15e5b869fb7a4df6fbdc2ad574456948"},
]
"aws-cdk.aws-codeguruprofiler" = [
    {file = "aws-cdk.aws-codeguruprofiler-1.119.0.tar.gz", hash = "sha256:f5486b0df2e3d3b8e7b99404a768550f737c3324437179a6934f36c4c7a7ec5e"},
    {file = "aws_cdk.aws_codeguruprofiler-1.119.0-py3-none-any.whl", hash = "sha256:e0e9e880e05bb678f5308613c325235d2218222a17032a8d7bfddc69a95ae2de"},
]
"aws-cdk.aws-codestarnotifications" = [
    {file = "aws-cdk.aws-codestarnotifications-1.119.0.tar.gz", hash = "sha256:9b289eabca05e69aeb158d2967a78ee6bbd2d10a167a6319855a3006fc36c015"},
    {file = "aws_cdk.aws_codestarnotifications-1.119.0-py3-none-any.whl", hash = "sha256:5af276e31393ebc32daaa919af5862bdaa0c3f0627f4e18265923cd3c7e94cef"},
]
"aws-cdk.aws-cognito" = [
    {file = "aws-cdk.aws-cognito-1.119.0.tar.gz", hash = "sha256:d525bf1f179c893024e156cb373692ff1390bf6f60682a9e29801864e49f7262"},
    {file = "aws_cdk.aws_cognito-1.119.0-py3-none-any.whl", hash = "sha256:d7c79a54fc6e69fe9cb3fb3f26277b6c3c7b931ad220cc9a6ceca7490a58d53c"},
]
"aws-cdk.aws-dynamodb" = [
    {file = "aws-cdk.aws-dynamodb-1.119.0.tar.gz", hash = "sha256:6d8287904bff18cc45ec9a828973e4091a64b7fee641e72bae6a5461652d555c"},
    {file = "aws_cdk.aws_dynamodb-1.119.0-py3-none-any.whl", hash = "sha256:865d767d21b88d57af2f0674b5414028c0de1cd20c25fbe86285f5742e3a47ca"},
]
"aws-cdk.aws-ec2" = [
    {file = "aws-cdk.aws-ec2-1.119.0.tar.gz", hash = "sha256:4beec4a0f16eed5846bd8c214df2db9693496643b36d509728544644bbb67452"},
    {file = "aws_cdk.aws_ec2-1.119.0-py3-none-any.whl", hash = "sha256:f6f2f8b8eedb7a32bdf8605dd042cea75f7d8471b1df697e0b21efe53c293eb1"},
]
"aws-cdk.aws-ecr" = [
    {file = "aws-cdk.aws-ecr-1.119.0.tar.gz", hash = "sha256:ebc003ccc3da9b78f9459eb77aac37f5e35edb9d6f880eadc4a3bd42099d2a3f"},
    {file = "aws_cdk.aws_ecr-1.119.0-py3-none-any.whl", hash = "sha256:ef4e3d534535162c0b2c3c945d84546458e2b30f68965dce3bf82108ebf566e0"},
]
"aws-cdk.aws-ecr-assets" = [
    {file = "aws-cdk.aws-ecr-assets-1.119.0.tar.gz", hash = "sha256:2d4bd689241b26c2e6253047c1420816a115af92f4f7f9d825c1978e83408bd5"},
    {file = "aws_cdk.aws_ecr_assets-1.119.0-py3-none-any.whl", hash = "sha256:4f1564258749464701d9a33b9f2dd94ff3772b4effe14153aee3a9bd0450769a"},
]
"aws-cdk.aws-efs" = [
    {file = "aws-cdk.aws-efs-1.119.0.tar.gz", hash = "sha256:6f58b1344dce28b7dc39d89cab32b4b0d33b57725daef6e2927273ed9a5bd87d"},
    {file = "aws_cdk.aws_efs-1.119.0-py3-none-any.whl", hash = "sha256:a5afaf3dca981ab95cda93e85f81fc67f98336edd623eeebf4c71f4ed4e91deb"},
]
"aws-cdk.aws-elasticloadbalancingv2" = [
    {file = "aws-cdk.aws-elasticloadbalancingv2-1.119.0.tar.gz", hash = "sha256:88a61361f184bed70251d724cf1e4a1452d8a52933d1c29b0ce69fc810b68055"},
    {file = "aws_cdk.aws_elasticloadbalancingv2-1.119.0-py3-none-any.whl", hash = "sha256:473a1063276ba84a9c6bbcfd008aa62f1037e08f868dd2ab3b5c1991a8f9e3d7"},
]
"aws-cdk.aws-events" = [
    {file = "aws-cdk.aws-events-1.119.0.tar.gz", hash = "sha256:a48deb7d637aacd7ca524c89ea2e7554666b6d9c58d722755afd763607dd861d"},
    {file = "aws_cdk.aws_events-1.119.0-py3-none-any.whl", hash = "sha256:4a83ace23390ec7785743332f62796b6c695571f3e8f6765e42ac98311e71ced"},
]
"aws-cdk.aws-iam" = [
    {file = "aws-cdk.aws-iam-1.119.0.tar.gz", hash = "sha256:1a22ce246add38edeadf791fde8e1df8b6a130a7e9010030690db7dbdfe39c78"},
    {file = "aws_cdk.aws_iam-1.119.0-py3-none-any.whl", hash = "sha256:b1adbc292f5408af5daccfbd0d20ab63ed1aa41d2706cb0d74b91d0fd2b2aeea"},
]
"aws-cdk.aws-kinesis" = [
    {file = "aws-cdk.aws-kinesis-1.119.0.tar.gz", hash = "sha256:624bde32656684385950aa4d3ea76e8b2c0aa7bc7613f141c9ff19c7a58ff891"},
    {file = "aws_cdk.aws_kinesis-1.119.0-py3-none-any.whl", hash = "sha256:e22d7d6c8ea99768375917663ecc9a6d01f2af1660da3f912b513e64e55da63a"},
]
"aws-cdk.aws-kms" = [
    {file = "aws-cdk.aws-kms-1.119.0.tar.gz", hash = "sha256:884e29739db3b036f51eaac0e6cac1fc727ccf8236d046a9ccab1d0c6dee4b40"},
    {file = "aws_cdk.aws_kms-1.119.0-py3-none-any.whl", hash = "sha256:8a968ad897f65e1257b3b8b4fc406f0a9bae5eab8e06cd7108afe45d6180eccd"},
]
"aws-cdk.aws-lambda" = [
    {file = "aws-cdk.aws-lambda-1.119.0.tar.gz", hash = "sha256:31947ad2e7a32120fa748a8eb10def9955b13c7c4efc1beea3c8e416e188f810"},
    {file = "aws_cdk.aws_lambda-1.119.0-py3-none-any.whl", hash = "sha256:2007145803401a9f5777f2af937567614a6669e829ad2ec6b04551e7d7c071c6"},
]
"aws-cdk.aws-logs" = [
    {file = "aws-cdk.aws-logs-1.119.0.tar.gz", hash = "sha256:4c5f995142d46284bac8e2d8a9fe64b0d1b223968caed209633362ab7c6ebc4c"},
    {file = "aws_cdk.aws_logs-1.119.0-py3-none-any.whl", hash = "sha256:b6315695999c26d10e2ef4ed4bc3bc08b15a70f925e0728c8971008d3d5d2dca"},
]
"aws-cdk.aws-route53" = [
    {file = "aws-cdk.aws-route53-1.119.0.tar.gz", hash = "sha256:84c3ca320515ab9dcf877bfb91a742a6d51aec2080823a2f97a7be91e0557759"},
    {file = "aws_cdk.aws_route53-1.119.0-py3-none-any.whl", hash = "sha256:ffd76d11143708cb4f0a0c1545aefa79e9eaa7beb72cd5879d89436d6332a21e"},
]
"aws-cdk.aws-s3" = [
    {file = "aws-cdk.aws-s3-1.119.0.tar.gz", hash = "sha256:cd25fae1c8d6e2aa420ee18401c70c7f66b567eb3fced00dcd4109224825bd9f"},
    {file = "aws_cdk.aws_s3-1.119.0-py3-none-any.whl", hash = "sha256:35afec3842de3e27baf31998a56ea47a3d6449d14c1e5e322fb84030ce2e948e"},
]
"aws-cdk.aws-s3-assets" = [
    {file = "aws-cdk.aws-s3-assets-1.119.0.tar.gz", hash = "sha256:f8a690d10d2391e6d341ae243fb56ec671566c7fa9388334c1e418a346cd3f28"},
    {file = "aws_cdk.aws_s3_assets-1.119.0-py3-none-any.whl", hash = "sha256:3d00469fb3904571b1d21ba77a38e4a723e5ba33ea4784bb4fc22edb20251bba"},
]
"aws-cdk.aws-signer" = [
    {file = "aws-cdk.aws-signer-1.119.0.tar.gz", hash = "sha256:4e03320e8015fb7c5ae8401af6c15bfd909aca86b907039e6123e48a2e734f36"},
    {file = "aws_cdk.aws_signer-1.119.0-py3-none-any.whl", hash = "sha256:e8259dedb2d4ff1dcf8d4b1ab08ed9d7a3260626478bc292d5ee5ca08c9110f2"},
]
"aws-cdk.aws-sns" = [
    {file = "aws-cdk.aws-sns-1.119.0.tar.gz", hash = "sha256:78108a21903f94a0e002d03679e048dfff79c44e3abffdbd55b3abf3776e1dd0"},
    {file = "aws_cdk.aws_sns-1.119.0-py3-none-any.whl", hash = "sha256:abd0fd342e051f38c694ff7c31f28fc5a7dcecb4413a9a36ec69e3ffc2a1495a"},
]
"aws-cdk.aws-sqs" = [
    {file = "aws-cdk.aws-sqs-1.119.0.tar.gz", hash = "sha256:eb87f07e10af6183ffc4946ae8a89fb5f1d2332b9bb041b80db5089cc904389b"},
    {file = "aws_cdk.aws_sqs-1.119.0-py3-none-any.whl", hash = "sha256:d1f101428baa1e75f7d3463204d1587eae72977e17429e13a17e45a60480915d"},
]
"aws-cdk.aws-ssm" = [
    {file = "aws-cdk.aws-ssm-1.119.0.tar.gz", hash = "sha256:b082951baaf964c17a4d4d294ab948e3d2acf6fae7f5697757c170f6eb3eafe0"},
    {file = "aws_cdk.aws_ssm-1.119.0-py3-none-any.whl", hash = "sha256:5839dc3d704ccc1cfbb9afc595915516c9b287347111a2eb19a37bf995f5d8c5"},
]
"aws-cdk.cloud-assembly-schema" = [
    {file = "aws-cdk.cloud-assembly-schema-1.119.0.tar.gz", hash = "sha256:871b92385b1e3fcde5ff1e39d19d09261a75f4c5acba16fca5bc6192bd55f909"},
    {file = "aws_cdk.cloud_assembly_schema-1.119.0-py3-none-any.whl", hash = "sha256:b0382d3ecea39e7d29dd5cdc9e8af10e6c714de5e4655a586647e2d0ea1426c6"},
]
"aws-cdk.core" = [
    {file = "aws-cdk.core-1.119.0.tar.gz", hash = "sha256:30959722a683fab6969ff3adb8d2e7d9f51bd42f78dd67dbbc5dab252359210b"},
    {file = "aws_cdk.core-1.119.0-py3-none-any.whl", hash = "sha256:bfaf7539f2ad72d523279a91cdb1e5f99dcdab313beb810fc2c8417660282645"},
]
"aws-cdk.custom-resources" = [
    {file = "aws-cdk.custom-resources-1.119.0.tar.gz", hash = "sha256:bb0e84d578c43ab0f0a08e70ffcdc4e6ef7415434341a5ed42c241f0776dae0e"},
    {file = "aws_cdk.custom_resources-1.119.0-py3-none-any.whl", hash = "sha256:c9cdaee576852531e9d39a6b2d7223fbd2a60f317c7e75a3ab7478d41d8fa348"},
]
"aws-cdk.cx-api" = [
    {file = "aws-cdk.cx-api-1.119.0.tar.gz", hash = "sha256:44f3ece60254f3b907150f5025fe6b7f16f88172b730fdf0efbf9341658ba278"},
    {file = "aws_cdk.cx_api-1.119.0-py3-none-any.whl", hash = "sha256:f2d0973d5ac821e4c2c093d95059ba24edfdd5d96037c6c248f9d939aac557d1"},
]
"aws-cdk.region-info" = [
    {file = "aws-cdk.region-info-1.119.0.tar.gz", hash = "sha256:995986b85ad9dd835e9214574e4515e77bee76c7cba6acc50173c33299239e64"},
    {file = "aws_cdk.region_info-1.119.0-py3-none-any.whl", hash = "sha256:15ae8ece45ff08a304f9afc239796bc94d04f7e5a4b182a58527ba420fa7be14"},
]
boto3 = [
    {file = "boto3-1.18.26-py3-none-any.whl", hash = "sha256:3eedef0719639892dc263bed7adfc00821544388e3d86a6fa31d82f936a6b613"},
    {file = "boto3-1.18.26.tar.gz", hash = "sha256:39ed0f5004b671e4a4241ae23023ad63674cd25f766bfe1617cfc809728bc3e0"},
]
botocore = [
    {file = "botocore-1.21.26-py3-none-any.whl", hash = "sha256:37f77bf5f72c86d9b5f38e107c3822da66dbf0ef123768a6e80a58590c2796bf"},
    {file = "botocore-1.21.26.tar.gz", hash = "sha256:911246faac450e13a3ef0e81993dd9bd9c282a7c0f4546bfe8cccf9649364cef"},
]
cattrs = [
    {file = "cattrs-1.7.1-py3-none-any.whl", hash = "sha256:d69bd4a3239e189f0740c3c41178dd0f00e4eac3bcb806937e49942fa83adfee"},
    {file = "cattrs-1.7.1.tar.gz", hash = "sha256:95265b8aaa45e6de75b5f52ae081e021a2a7a688babdb711e4174e6b18920d08"},
]
constructs = [
    {file = "constructs-3.3.129-py3-none-any.whl", hash = "sha256:30639a6f8fe52b989a47b49f468b2d1d9d798fd2ab052aa03c1dd26efc2efc82"},
    {file = "constructs-3.3.129.tar.gz", hash = "sha256:f5bfaf248aa0bf5985224f2cf1b9b8fd53f2687dc5359c4f0c8bb68361fe8d4a"},
]
jmespath = [
    {file = "jmespath-0.10.0-py2.py3-none-any.whl", hash = "sha256:cdf6525904cc597730141d61b36f2e4b8ecc257c420fa2f4549bac2c2d0cb72f"},
    {file = "jmespath-0.10.0.tar.gz", hash = "sha256:b85d0567b8666149a93172712e68920734333c0ce7e89b78b3e987f71e5ed4f9"},
]
jsii = [
    {file = "jsii-1.33.0-py3-none-any.whl", hash = "sha256:0a5dc91a1c9f53d3bba6cc909a94fc2af71f4eb2a511f9a587824f7f48269952"},
    {file = "jsii-1.33.0.tar.gz", hash = "sha256:76f7618aefc4ad59cc901f77f7f1c689e303d743b6084ae2f296762950ed8ef6"},
]
publication = [
    {file = "publication-0.0.3-py2.py3-none-any.whl", hash = "sha256:0248885351febc11d8a1098d5c8e3ab2dabcf3e8c0c96db1e17ecd12b53afbe6"},
    {file = "publication-0.0.3.tar.gz", hash = "sha256:68416a0de76dddcdd2930d1c8ef853a743cc96c82416c4e4d3b5d901c6276dc4"},
]
python-dateutil = [
    {file = "python-dateutil-2.8.2.tar.gz", hash = "sha256:0123cacc1627ae19ddf3c27a5de5bd67ee4586fbdd6440d9748f8abb483d3e86"},
    {file = "python_dateutil-2.8.2-py2.py3-none-any.whl", hash = "sha256:961d03dc3453ebbc59dbdea9e4e11c5651520a876d0f4db161e8674aae935da9"},
]
s3transfer = [
    {file = "s3transfer-0.5.0-py3-none-any.whl", hash = "sha256:9c1dc369814391a6bda20ebbf4b70a0f34630592c9aa520856bf384916af2803"},
    {file = "s3transfer-0.5.0.tar.gz", hash = "sha256:50ed823e1dc5868ad40c8dc92072f757aa0e653a192845c94a3b676f4a62da4c"},
]
six = [
    {file = "six-1.16.0-py2.py3-none-any.whl", hash = "sha256:8abb2f1d86890a2dfb989f9a77cfcfd3e47c2a354b01111771326f8aa26e0254"},
    {file = "six-1.16.0.tar.gz", hash = "sha256:1e61c37477a1626458e36f7b1d82aa5c9b094fa4802892072e49de9c60c4c926"},
]
typing-extensions = [
    {file = "typing_extensions-3.10.0.0-py2-none-any.whl", hash = "sha256:0ac0f89795dd19de6b97debb0c6af1c70987fd80a2d62d1958f7e56fcc31b497"},
    {file = "typing_extensions-3.10.0.0-py3-none-any.whl", hash = "sha256:779383f6086d90c99ae41cf0ff39aac8a7937a9283ce0a414e5dd782f4c94a84"},
    {file = "typing_extensions-3.10.0.0.tar.gz", hash = "sha256:50b6f157849174217d0656f99dc82fe932884fb250826c18350e159ec6cdf342"},
]
urllib3 = [
    {file = "urllib3-1.26.6-py2.py3-none-any.whl", hash = "sha256:39fb8672126159acb139a7718dd10806104dec1e2f0f6c88aab05d17df10c8d4"},
    {file = "urllib3-1.26.6.tar.gz", hash = "sha256:f57b4c16c62fa2760b7e3d97c35b255512fb6b59a259730f36ba32ce9f8e342f"},
]
